
Microsoft Visual Studio Solution File, Format Version 12.00
# Visual Studio Version 17
VisualStudioVersion = 17.11.35222.181
MinimumVisualStudioVersion = 10.0.40219.1
Project("{9A19103F-16F7-4668-BE54-9A1E7A4F7556}") = "Business", "Business\Business.csproj", "{25DC7C3D-DFFE-40DA-BB3A-7C0EEA9C97AE}"
EndProject
Project("{9A19103F-16F7-4668-BE54-9A1E7A4F7556}") = "DataAccess", "DataAccess\DataAccess.csproj", "{3464EE34-6AA3-429D-8F23-D328000E9DEF}"
EndProject
Project("{9A19103F-16F7-4668-BE54-9A1E7A4F7556}") = "Entities", "Entities\Entities.csproj", "{D9CC1700-42D6-4BD2-8E3D-B28FC9524F50}"
EndProject
Project("{9A19103F-16F7-4668-BE54-9A1E7A4F7556}") = "ConsoleUI", "UI\ConsoleUI.csproj", "{B299CBFA-52D0-419A-BE50-5DC187BD25EB}"
EndProject
Project("{9A19103F-16F7-4668-BE54-9A1E7A4F7556}") = "Core", "Core\Core.csproj", "{86771983-B998-4EEC-8AF7-BC3818457FD7}"
EndProject
Project("{FAE04EC0-301F-11D3-BF4B-00C04F79EFBC}") = "WebAPI", "WebAPI\WebAPI.csproj", "{107221C0-7316-4BCB-8F45-AC7524964C96}"
EndProject
Global
	GlobalSection(SolutionConfigurationPlatforms) = preSolution
		Debug|Any CPU = Debug|Any CPU
		Release|Any CPU = Release|Any CPU
	EndGlobalSection
	GlobalSection(ProjectConfigurationPlatforms) = postSolution
		{25DC7C3D-DFFE-40DA-BB3A-7C0EEA9C97AE}.Debug|Any CPU.ActiveCfg = Debug|Any CPU
		{25DC7C3D-DFFE-40DA-BB3A-7C0EEA9C97AE}.Debug|Any CPU.Build.0 = Debug|Any CPU
		{25DC7C3D-DFFE-40DA-BB3A-7C0EEA9C97AE}.Release|Any CPU.ActiveCfg = Release|Any CPU
		{25DC7C3D-DFFE-40DA-BB3A-7C0EEA9C97AE}.Release|Any CPU.Build.0 = Release|Any CPU
		{3464EE34-6AA3-429D-8F23-D328000E9DEF}.Debug|Any CPU.ActiveCfg = Debug|Any CPU
		{3464EE34-6AA3-429D-8F23-D328000E9DEF}.Debug|Any CPU.Build.0 = Debug|Any CPU
		{3464EE34-6AA3-429D-8F23-D328000E9DEF}.Release|Any CPU.ActiveCfg = Release|Any CPU
		{3464EE34-6AA3-429D-8F23-D328000E9DEF}.Release|Any CPU.Build.0 = Release|Any CPU
		{D9CC1700-42D6-4BD2-8E3D-B28FC9524F50}.Debug|Any CPU.ActiveCfg = Debug|Any CPU
		{D9CC1700-42D6-4BD2-8E3D-B28FC9524F50}.Debug|Any CPU.Build.0 = Debug|Any CPU
		{D9CC1700-42D6-4BD2-8E3D-B28FC9524F50}.Release|Any CPU.ActiveCfg = Release|Any CPU
		{D9CC1700-42D6-4BD2-8E3D-B28FC9524F50}.Release|Any CPU.Build.0 = Release|Any CPU
		{B299CBFA-52D0-419A-BE50-5DC187BD25EB}.Debug|Any CPU.ActiveCfg = Debug|Any CPU
		{B299CBFA-52D0-419A-BE50-5DC187BD25EB}.Debug|Any CPU.Build.0 = Debug|Any CPU
		{B299CBFA-52D0-419A-BE50-5DC187BD25EB}.Release|Any CPU.ActiveCfg = Release|Any CPU
		{B299CBFA-52D0-419A-BE50-5DC187BD25EB}.Release|Any CPU.Build.0 = Release|Any CPU
		{86771983-B998-4EEC-8AF7-BC3818457FD7}.Debug|Any CPU.ActiveCfg = Debug|Any CPU
		{86771983-B998-4EEC-8AF7-BC3818457FD7}.Debug|Any CPU.Build.0 = Debug|Any CPU
		{86771983-B998-4EEC-8AF7-BC3818457FD7}.Release|Any CPU.ActiveCfg = Release|Any CPU
		{86771983-B998-4EEC-8AF7-BC3818457FD7}.Release|Any CPU.Build.0 = Release|Any CPU
		{107221C0-7316-4BCB-8F45-AC7524964C96}.Debug|Any CPU.ActiveCfg = Debug|Any CPU
		{107221C0-7316-4BCB-8F45-AC7524964C96}.Debug|Any CPU.Build.0 = Debug|Any CPU
		{107221C0-7316-4BCB-8F45-AC7524964C96}.Release|Any CPU.ActiveCfg = Release|Any CPU
		{107221C0-7316-4BCB-8F45-AC7524964C96}.Release|Any CPU.Build.0 = Release|Any CPU
	EndGlobalSection
	GlobalSection(SolutionProperties) = preSolution
		HideSolutionNode = FALSE
	EndGlobalSection
	GlobalSection(ExtensibilityGlobals) = postSolution
		SolutionGuid = {75B5EA5C-1978-4EB9-8222-296FF0DEA1A1}
	EndGlobalSection
EndGlobal
